
Microsoft Visual Studio Solution File, Format Version 12.00
# Visual Studio Version 17
VisualStudioVersion = 17.9.34728.123
MinimumVisualStudioVersion = 10.0.40219.1
Project("{FAE04EC0-301F-11D3-BF4B-00C04F79EFBC}") = "FacephiBook", "FacephiBook\FacephiBook.csproj", "{4781B283-1CCE-4082-8EDF-BEE9B57DC6DE}"
EndProject
Global
	GlobalSection(SolutionConfigurationPlatforms) = preSolution
		Debug|Any CPU = Debug|Any CPU
		Release|Any CPU = Release|Any CPU
	EndGlobalSection
	GlobalSection(ProjectConfigurationPlatforms) = postSolution
		{4781B283-1CCE-4082-8EDF-BEE9B57DC6DE}.Debug|Any CPU.ActiveCfg = Debug|Any CPU
		{4781B283-1CCE-4082-8EDF-BEE9B57DC6DE}.Debug|Any CPU.Build.0 = Debug|Any CPU
		{4781B283-1CCE-4082-8EDF-BEE9B57DC6DE}.Release|Any CPU.ActiveCfg = Release|Any CPU
		{4781B283-1CCE-4082-8EDF-BEE9B57DC6DE}.Release|Any CPU.Build.0 = Release|Any CPU
	EndGlobalSection
	GlobalSection(SolutionProperties) = preSolution
		HideSolutionNode = FALSE
	EndGlobalSection
	GlobalSection(ExtensibilityGlobals) = postSolution
		SolutionGuid = {59217936-443B-4F2D-9AA8-A760965E2C23}
	EndGlobalSection
EndGlobal
